
Microsoft Visual Studio Solution File, Format Version 12.00
# Visual Studio Version 17
VisualStudioVersion = 17.7.34031.279
MinimumVisualStudioVersion = 10.0.40219.1
Project("{FAE04EC0-301F-11D3-BF4B-00C04F79EFBC}") = "JobApply_DF", "JobApply_DF\JobApply_DF.csproj", "{A77982A8-CA9A-4DF1-985C-D2A2053D463C}"
EndProject
Project("{FAE04EC0-301F-11D3-BF4B-00C04F79EFBC}") = "BLL", "BLL\BLL.csproj", "{FFC73F3B-11DA-4A20-8378-CB5FE3405E9A}"
EndProject
Project("{FAE04EC0-301F-11D3-BF4B-00C04F79EFBC}") = "DAL", "DAL\DAL.csproj", "{B4FA27C9-DFC7-46BA-9474-943A5D894CD0}"
EndProject
Global
	GlobalSection(SolutionConfigurationPlatforms) = preSolution
		Debug|Any CPU = Debug|Any CPU
		Release|Any CPU = Release|Any CPU
	EndGlobalSection
	GlobalSection(ProjectConfigurationPlatforms) = postSolution
		{A77982A8-CA9A-4DF1-985C-D2A2053D463C}.Debug|Any CPU.ActiveCfg = Debug|Any CPU
		{A77982A8-CA9A-4DF1-985C-D2A2053D463C}.Debug|Any CPU.Build.0 = Debug|Any CPU
		{A77982A8-CA9A-4DF1-985C-D2A2053D463C}.Release|Any CPU.ActiveCfg = Release|Any CPU
		{A77982A8-CA9A-4DF1-985C-D2A2053D463C}.Release|Any CPU.Build.0 = Release|Any CPU
		{FFC73F3B-11DA-4A20-8378-CB5FE3405E9A}.Debug|Any CPU.ActiveCfg = Debug|Any CPU
		{FFC73F3B-11DA-4A20-8378-CB5FE3405E9A}.Debug|Any CPU.Build.0 = Debug|Any CPU
		{FFC73F3B-11DA-4A20-8378-CB5FE3405E9A}.Release|Any CPU.ActiveCfg = Release|Any CPU
		{FFC73F3B-11DA-4A20-8378-CB5FE3405E9A}.Release|Any CPU.Build.0 = Release|Any CPU
		{B4FA27C9-DFC7-46BA-9474-943A5D894CD0}.Debug|Any CPU.ActiveCfg = Debug|Any CPU
		{B4FA27C9-DFC7-46BA-9474-943A5D894CD0}.Debug|Any CPU.Build.0 = Debug|Any CPU
		{B4FA27C9-DFC7-46BA-9474-943A5D894CD0}.Release|Any CPU.ActiveCfg = Release|Any CPU
		{B4FA27C9-DFC7-46BA-9474-943A5D894CD0}.Release|Any CPU.Build.0 = Release|Any CPU
	EndGlobalSection
	GlobalSection(SolutionProperties) = preSolution
		HideSolutionNode = FALSE
	EndGlobalSection
	GlobalSection(ExtensibilityGlobals) = postSolution
		SolutionGuid = {0E689463-09D8-4249-8DBD-DF01253E1EF0}
	EndGlobalSection
EndGlobal
